
Microsoft Visual Studio Solution File, Format Version 12.00
# Visual Studio Version 17
VisualStudioVersion = 17.13.35913.81 d17.13
MinimumVisualStudioVersion = 10.0.40219.1
Project("{FAE04EC0-301F-11D3-BF4B-00C04F79EFBC}") = "rentechRulesEngine", "rentechRulesEngine\rentechRulesEngine.csproj", "{CA33FDD3-198B-4C2D-982B-6CB9DCFF544C}"
EndProject
Global
	GlobalSection(SolutionConfigurationPlatforms) = preSolution
		Debug|Any CPU = Debug|Any CPU
		Release|Any CPU = Release|Any CPU
	EndGlobalSection
	GlobalSection(ProjectConfigurationPlatforms) = postSolution
		{CA33FDD3-198B-4C2D-982B-6CB9DCFF544C}.Debug|Any CPU.ActiveCfg = Debug|Any CPU
		{CA33FDD3-198B-4C2D-982B-6CB9DCFF544C}.Debug|Any CPU.Build.0 = Debug|Any CPU
		{CA33FDD3-198B-4C2D-982B-6CB9DCFF544C}.Release|Any CPU.ActiveCfg = Release|Any CPU
		{CA33FDD3-198B-4C2D-982B-6CB9DCFF544C}.Release|Any CPU.Build.0 = Release|Any CPU
	EndGlobalSection
	GlobalSection(SolutionProperties) = preSolution
		HideSolutionNode = FALSE
	EndGlobalSection
	GlobalSection(ExtensibilityGlobals) = postSolution
		SolutionGuid = {C889E76F-FCDE-434A-A315-4AFA6BDEA91B}
	EndGlobalSection
EndGlobal
